
Microsoft Visual Studio Solution File, Format Version 12.00
# Visual Studio 14
VisualStudioVersion = 14.0.24720.0
MinimumVisualStudioVersion = 10.0.40219.1
Project("{FAE04EC0-301F-11D3-BF4B-00C04F79EFBC}") = "IRIT.Framework.DataAccess", "IRIT.FrameWork.DataAccess\IRIT.Framework.DataAccess.csproj", "{9FEE59C4-208C-47B9-ADC9-28368AC38C83}"
EndProject
Project("{FAE04EC0-301F-11D3-BF4B-00C04F79EFBC}") = "IRIT.Framework.Utility", "IRIT.FrameWork.Utility\IRIT.Framework.Utility.csproj", "{49093610-2FF0-46EC-9B9E-0D9320B1A6DD}"
EndProject
Project("{FAE04EC0-301F-11D3-BF4B-00C04F79EFBC}") = "IRIT.Framework.Helper", "IRIT.FrameWork.Helper\IRIT.Framework.Helper.csproj", "{30908532-2F3A-404A-9EBC-B66CBAB9D48D}"
EndProject
Project("{FAE04EC0-301F-11D3-BF4B-00C04F79EFBC}") = "IRIT.EdMS.WebUI", "IRIT.Edms.WebUI\IRIT.EdMS.WebUI.csproj", "{D69FC0F6-A4F9-4691-A668-67108D7F29DF}"
EndProject
Project("{FAE04EC0-301F-11D3-BF4B-00C04F79EFBC}") = "IRIT.Framework.Resources", "IRIT.FrameWork.Resources\IRIT.Framework.Resources.csproj", "{F90999B0-1C84-4D29-99D2-D8BE17034981}"
EndProject
Project("{2150E333-8FDC-42A3-9474-1A3956D46DE8}") = "Portal", "Portal", "{54CF1853-E4C8-4691-889D-48D73890DD18}"
EndProject
Project("{2150E333-8FDC-42A3-9474-1A3956D46DE8}") = "SubSystems", "SubSystems", "{4953A7C7-6697-4678-9A22-B6CC859DB6FC}"
EndProject
Project("{2150E333-8FDC-42A3-9474-1A3956D46DE8}") = "Common", "Common", "{9500766D-0D33-4BEF-BCA2-E54176705869}"
EndProject
Project("{2150E333-8FDC-42A3-9474-1A3956D46DE8}") = "Framework", "Framework", "{11E8CFB8-0DE9-45D6-88AD-68C05F648EE2}"
EndProject
Project("{2150E333-8FDC-42A3-9474-1A3956D46DE8}") = "Security", "Security", "{6E7229B3-E226-44AC-9191-033FEEA336DC}"
EndProject
Project("{2150E333-8FDC-42A3-9474-1A3956D46DE8}") = "HumanResources", "HumanResources", "{7C779F1D-E9E0-4EAF-814A-315D1EF23708}"
EndProject
Project("{2150E333-8FDC-42A3-9474-1A3956D46DE8}") = "Calendar", "Calendar", "{1B49FEC9-AC97-433D-816C-12BD85E906B7}"
EndProject
Project("{2150E333-8FDC-42A3-9474-1A3956D46DE8}") = "Workflow", "Workflow", "{69A98329-0828-4A45-BB62-FD7B6EE344E5}"
EndProject
Project("{FAE04EC0-301F-11D3-BF4B-00C04F79EFBC}") = "IRIT.EdMS.Common.Model", "IRIT.EdMS.Common.Model\IRIT.EdMS.Common.Model.csproj", "{FCA7194B-758A-4FDA-B122-29FFAFE79E5A}"
EndProject
Project("{FAE04EC0-301F-11D3-BF4B-00C04F79EFBC}") = "IRIT.EdMS.Security.Model", "IRIT.EdMS.Security.Model\IRIT.EdMS.Security.Model.csproj", "{E19EF90D-DF42-4294-97B2-F7F6F48F9349}"
EndProject
Project("{FAE04EC0-301F-11D3-BF4B-00C04F79EFBC}") = "IRIT.EdMS.Workflow.Model", "IRIT.EdMS.Workflow.Model\IRIT.EdMS.Workflow.Model.csproj", "{783B8A49-400D-4B6C-A44E-8E6FE3D53DF4}"
EndProject
Project("{FAE04EC0-301F-11D3-BF4B-00C04F79EFBC}") = "IRIT.Framework.Common", "IRIT.Framework.Common\IRIT.Framework.Common.csproj", "{E1C0BA34-147F-4BE3-A0A2-358675961FE4}"
EndProject
Project("{FAE04EC0-301F-11D3-BF4B-00C04F79EFBC}") = "IRIT.EdMS.Security.Business", "IRIT.EdMS.Security.Business\IRIT.EdMS.Security.Business.csproj", "{1F3FB74B-200C-4CBC-BC51-BB3D03E280F1}"
EndProject
Project("{FAE04EC0-301F-11D3-BF4B-00C04F79EFBC}") = "IRIT.EdMS.HumanResources.Business", "IRIT.EdMS.HumanResources.Business\IRIT.EdMS.HumanResources.Business.csproj", "{A7CF68A9-48D1-4064-A365-AE7A08B41B1B}"
EndProject
Project("{FAE04EC0-301F-11D3-BF4B-00C04F79EFBC}") = "IRIT.EdMS.HumanResources.Model", "IRIT.EdMS.HumanResources.Model\IRIT.EdMS.HumanResources.Model.csproj", "{DFBEB499-A27B-4481-99B6-2A9C292AB2F4}"
EndProject
Project("{FAE04EC0-301F-11D3-BF4B-00C04F79EFBC}") = "IRIT.EdMS.Common.Business", "IRIT.EdMS.Common.Business\IRIT.EdMS.Common.Business.csproj", "{600FCE00-2317-47ED-A98D-743C66B3D0AD}"
EndProject
Project("{FAE04EC0-301F-11D3-BF4B-00C04F79EFBC}") = "IRIT.EdMS.Workflow.Business", "IRIT.EdMS.Workflow.Business\IRIT.EdMS.Workflow.Business.csproj", "{505AED27-A9B4-458B-8391-40A275F70BDF}"
EndProject
Project("{FAE04EC0-301F-11D3-BF4B-00C04F79EFBC}") = "IRIT.EdMS.Calendar.Business", "IRIT.EdMS.Calendar.Business\IRIT.EdMS.Calendar.Business.csproj", "{CCCE0F79-F26D-4A9A-BF52-BB4C3093A072}"
EndProject
Project("{FAE04EC0-301F-11D3-BF4B-00C04F79EFBC}") = "IRIT.EdMS.Calendar.Model", "IRIT.EdMS.Calendar.Model\IRIT.EdMS.Calendar.Model.csproj", "{54385EC5-BFD3-4877-A5DD-595B2D3D4F94}"
EndProject
Project("{2150E333-8FDC-42A3-9474-1A3956D46DE8}") = "License", "License", "{245BDC54-6E31-4910-8DA8-2DF4723D41A4}"
EndProject
Project("{FAE04EC0-301F-11D3-BF4B-00C04F79EFBC}") = "IRIT.EdMS.License.Business", "IRIT.EdMS.License.Business\IRIT.EdMS.License.Business.csproj", "{CF15D679-988A-4E3B-9175-55BA867C0B82}"
EndProject
Project("{FAE04EC0-301F-11D3-BF4B-00C04F79EFBC}") = "IRIT.EdMS.License.Model", "IRIT.EdMS.License.Model\IRIT.EdMS.License.Model.csproj", "{1C07D456-FE76-45F3-9648-A868CBA0C365}"
EndProject
Project("{FAE04EC0-301F-11D3-BF4B-00C04F79EFBC}") = "IRIT.Framework.DataModel", "IRIT.Framework.DataModel\IRIT.Framework.DataModel.csproj", "{1FBF31A8-3E84-4075-884C-7955FDC6E9B7}"
EndProject
Global
	GlobalSection(SolutionConfigurationPlatforms) = preSolution
		Debug|Any CPU = Debug|Any CPU
		Debug|ARM = Debug|ARM
		Debug|x64 = Debug|x64
		Debug|x86 = Debug|x86
		Release|Any CPU = Release|Any CPU
		Release|ARM = Release|ARM
		Release|x64 = Release|x64
		Release|x86 = Release|x86
	EndGlobalSection
	GlobalSection(ProjectConfigurationPlatforms) = postSolution
		{9FEE59C4-208C-47B9-ADC9-28368AC38C83}.Debug|Any CPU.ActiveCfg = Debug|Any CPU
		{9FEE59C4-208C-47B9-ADC9-28368AC38C83}.Debug|Any CPU.Build.0 = Debug|Any CPU
		{9FEE59C4-208C-47B9-ADC9-28368AC38C83}.Debug|ARM.ActiveCfg = Debug|Any CPU
		{9FEE59C4-208C-47B9-ADC9-28368AC38C83}.Debug|ARM.Build.0 = Debug|Any CPU
		{9FEE59C4-208C-47B9-ADC9-28368AC38C83}.Debug|x64.ActiveCfg = Debug|Any CPU
		{9FEE59C4-208C-47B9-ADC9-28368AC38C83}.Debug|x64.Build.0 = Debug|Any CPU
		{9FEE59C4-208C-47B9-ADC9-28368AC38C83}.Debug|x86.ActiveCfg = Debug|Any CPU
		{9FEE59C4-208C-47B9-ADC9-28368AC38C83}.Debug|x86.Build.0 = Debug|Any CPU
		{9FEE59C4-208C-47B9-ADC9-28368AC38C83}.Release|Any CPU.ActiveCfg = Release|Any CPU
		{9FEE59C4-208C-47B9-ADC9-28368AC38C83}.Release|Any CPU.Build.0 = Release|Any CPU
		{9FEE59C4-208C-47B9-ADC9-28368AC38C83}.Release|ARM.ActiveCfg = Release|Any CPU
		{9FEE59C4-208C-47B9-ADC9-28368AC38C83}.Release|ARM.Build.0 = Release|Any CPU
		{9FEE59C4-208C-47B9-ADC9-28368AC38C83}.Release|x64.ActiveCfg = Release|Any CPU
		{9FEE59C4-208C-47B9-ADC9-28368AC38C83}.Release|x64.Build.0 = Release|Any CPU
		{9FEE59C4-208C-47B9-ADC9-28368AC38C83}.Release|x86.ActiveCfg = Release|Any CPU
		{9FEE59C4-208C-47B9-ADC9-28368AC38C83}.Release|x86.Build.0 = Release|Any CPU
		{49093610-2FF0-46EC-9B9E-0D9320B1A6DD}.Debug|Any CPU.ActiveCfg = Debug|Any CPU
		{49093610-2FF0-46EC-9B9E-0D9320B1A6DD}.Debug|Any CPU.Build.0 = Debug|Any CPU
		{49093610-2FF0-46EC-9B9E-0D9320B1A6DD}.Debug|ARM.ActiveCfg = Debug|Any CPU
		{49093610-2FF0-46EC-9B9E-0D9320B1A6DD}.Debug|ARM.Build.0 = Debug|Any CPU
		{49093610-2FF0-46EC-9B9E-0D9320B1A6DD}.Debug|x64.ActiveCfg = Debug|Any CPU
		{49093610-2FF0-46EC-9B9E-0D9320B1A6DD}.Debug|x64.Build.0 = Debug|Any CPU
		{49093610-2FF0-46EC-9B9E-0D9320B1A6DD}.Debug|x86.ActiveCfg = Debug|Any CPU
		{49093610-2FF0-46EC-9B9E-0D9320B1A6DD}.Debug|x86.Build.0 = Debug|Any CPU
		{49093610-2FF0-46EC-9B9E-0D9320B1A6DD}.Release|Any CPU.ActiveCfg = Release|Any CPU
		{49093610-2FF0-46EC-9B9E-0D9320B1A6DD}.Release|Any CPU.Build.0 = Release|Any CPU
		{49093610-2FF0-46EC-9B9E-0D9320B1A6DD}.Release|ARM.ActiveCfg = Release|Any CPU
		{49093610-2FF0-46EC-9B9E-0D9320B1A6DD}.Release|ARM.Build.0 = Release|Any CPU
		{49093610-2FF0-46EC-9B9E-0D9320B1A6DD}.Release|x64.ActiveCfg = Release|Any CPU
		{49093610-2FF0-46EC-9B9E-0D9320B1A6DD}.Release|x64.Build.0 = Release|Any CPU
		{49093610-2FF0-46EC-9B9E-0D9320B1A6DD}.Release|x86.ActiveCfg = Release|Any CPU
		{49093610-2FF0-46EC-9B9E-0D9320B1A6DD}.Release|x86.Build.0 = Release|Any CPU
		{30908532-2F3A-404A-9EBC-B66CBAB9D48D}.Debug|Any CPU.ActiveCfg = Debug|Any CPU
		{30908532-2F3A-404A-9EBC-B66CBAB9D48D}.Debug|Any CPU.Build.0 = Debug|Any CPU
		{30908532-2F3A-404A-9EBC-B66CBAB9D48D}.Debug|ARM.ActiveCfg = Debug|Any CPU
		{30908532-2F3A-404A-9EBC-B66CBAB9D48D}.Debug|ARM.Build.0 = Debug|Any CPU
		{30908532-2F3A-404A-9EBC-B66CBAB9D48D}.Debug|x64.ActiveCfg = Debug|Any CPU
		{30908532-2F3A-404A-9EBC-B66CBAB9D48D}.Debug|x64.Build.0 = Debug|Any CPU
		{30908532-2F3A-404A-9EBC-B66CBAB9D48D}.Debug|x86.ActiveCfg = Debug|Any CPU
		{30908532-2F3A-404A-9EBC-B66CBAB9D48D}.Debug|x86.Build.0 = Debug|Any CPU
		{30908532-2F3A-404A-9EBC-B66CBAB9D48D}.Release|Any CPU.ActiveCfg = Release|Any CPU
		{30908532-2F3A-404A-9EBC-B66CBAB9D48D}.Release|Any CPU.Build.0 = Release|Any CPU
		{30908532-2F3A-404A-9EBC-B66CBAB9D48D}.Release|ARM.ActiveCfg = Release|Any CPU
		{30908532-2F3A-404A-9EBC-B66CBAB9D48D}.Release|ARM.Build.0 = Release|Any CPU
		{30908532-2F3A-404A-9EBC-B66CBAB9D48D}.Release|x64.ActiveCfg = Release|Any CPU
		{30908532-2F3A-404A-9EBC-B66CBAB9D48D}.Release|x64.Build.0 = Release|Any CPU
		{30908532-2F3A-404A-9EBC-B66CBAB9D48D}.Release|x86.ActiveCfg = Release|Any CPU
		{30908532-2F3A-404A-9EBC-B66CBAB9D48D}.Release|x86.Build.0 = Release|Any CPU
		{D69FC0F6-A4F9-4691-A668-67108D7F29DF}.Debug|Any CPU.ActiveCfg = Debug|Any CPU
		{D69FC0F6-A4F9-4691-A668-67108D7F29DF}.Debug|Any CPU.Build.0 = Debug|Any CPU
		{D69FC0F6-A4F9-4691-A668-67108D7F29DF}.Debug|ARM.ActiveCfg = Debug|Any CPU
		{D69FC0F6-A4F9-4691-A668-67108D7F29DF}.Debug|ARM.Build.0 = Debug|Any CPU
		{D69FC0F6-A4F9-4691-A668-67108D7F29DF}.Debug|x64.ActiveCfg = Debug|Any CPU
		{D69FC0F6-A4F9-4691-A668-67108D7F29DF}.Debug|x64.Build.0 = Debug|Any CPU
		{D69FC0F6-A4F9-4691-A668-67108D7F29DF}.Debug|x86.ActiveCfg = Debug|Any CPU
		{D69FC0F6-A4F9-4691-A668-67108D7F29DF}.Debug|x86.Build.0 = Debug|Any CPU
		{D69FC0F6-A4F9-4691-A668-67108D7F29DF}.Release|Any CPU.ActiveCfg = Release|Any CPU
		{D69FC0F6-A4F9-4691-A668-67108D7F29DF}.Release|Any CPU.Build.0 = Release|Any CPU
		{D69FC0F6-A4F9-4691-A668-67108D7F29DF}.Release|ARM.ActiveCfg = Release|Any CPU
		{D69FC0F6-A4F9-4691-A668-67108D7F29DF}.Release|ARM.Build.0 = Release|Any CPU
		{D69FC0F6-A4F9-4691-A668-67108D7F29DF}.Release|x64.ActiveCfg = Release|Any CPU
		{D69FC0F6-A4F9-4691-A668-67108D7F29DF}.Release|x64.Build.0 = Release|Any CPU
		{D69FC0F6-A4F9-4691-A668-67108D7F29DF}.Release|x86.ActiveCfg = Release|Any CPU
		{D69FC0F6-A4F9-4691-A668-67108D7F29DF}.Release|x86.Build.0 = Release|Any CPU
		{F90999B0-1C84-4D29-99D2-D8BE17034981}.Debug|Any CPU.ActiveCfg = Debug|Any CPU
		{F90999B0-1C84-4D29-99D2-D8BE17034981}.Debug|Any CPU.Build.0 = Debug|Any CPU
		{F90999B0-1C84-4D29-99D2-D8BE17034981}.Debug|ARM.ActiveCfg = Debug|Any CPU
		{F90999B0-1C84-4D29-99D2-D8BE17034981}.Debug|ARM.Build.0 = Debug|Any CPU
		{F90999B0-1C84-4D29-99D2-D8BE17034981}.Debug|x64.ActiveCfg = Debug|Any CPU
		{F90999B0-1C84-4D29-99D2-D8BE17034981}.Debug|x64.Build.0 = Debug|Any CPU
		{F90999B0-1C84-4D29-99D2-D8BE17034981}.Debug|x86.ActiveCfg = Debug|Any CPU
		{F90999B0-1C84-4D29-99D2-D8BE17034981}.Debug|x86.Build.0 = Debug|Any CPU
		{F90999B0-1C84-4D29-99D2-D8BE17034981}.Release|Any CPU.ActiveCfg = Release|Any CPU
		{F90999B0-1C84-4D29-99D2-D8BE17034981}.Release|Any CPU.Build.0 = Release|Any CPU
		{F90999B0-1C84-4D29-99D2-D8BE17034981}.Release|ARM.ActiveCfg = Release|Any CPU
		{F90999B0-1C84-4D29-99D2-D8BE17034981}.Release|ARM.Build.0 = Release|Any CPU
		{F90999B0-1C84-4D29-99D2-D8BE17034981}.Release|x64.ActiveCfg = Release|Any CPU
		{F90999B0-1C84-4D29-99D2-D8BE17034981}.Release|x64.Build.0 = Release|Any CPU
		{F90999B0-1C84-4D29-99D2-D8BE17034981}.Release|x86.ActiveCfg = Release|Any CPU
		{F90999B0-1C84-4D29-99D2-D8BE17034981}.Release|x86.Build.0 = Release|Any CPU
		{FCA7194B-758A-4FDA-B122-29FFAFE79E5A}.Debug|Any CPU.ActiveCfg = Debug|Any CPU
		{FCA7194B-758A-4FDA-B122-29FFAFE79E5A}.Debug|Any CPU.Build.0 = Debug|Any CPU
		{FCA7194B-758A-4FDA-B122-29FFAFE79E5A}.Debug|ARM.ActiveCfg = Debug|Any CPU
		{FCA7194B-758A-4FDA-B122-29FFAFE79E5A}.Debug|ARM.Build.0 = Debug|Any CPU
		{FCA7194B-758A-4FDA-B122-29FFAFE79E5A}.Debug|x64.ActiveCfg = Debug|Any CPU
		{FCA7194B-758A-4FDA-B122-29FFAFE79E5A}.Debug|x64.Build.0 = Debug|Any CPU
		{FCA7194B-758A-4FDA-B122-29FFAFE79E5A}.Debug|x86.ActiveCfg = Debug|Any CPU
		{FCA7194B-758A-4FDA-B122-29FFAFE79E5A}.Debug|x86.Build.0 = Debug|Any CPU
		{FCA7194B-758A-4FDA-B122-29FFAFE79E5A}.Release|Any CPU.ActiveCfg = Release|Any CPU
		{FCA7194B-758A-4FDA-B122-29FFAFE79E5A}.Release|Any CPU.Build.0 = Release|Any CPU
		{FCA7194B-758A-4FDA-B122-29FFAFE79E5A}.Release|ARM.ActiveCfg = Release|Any CPU
		{FCA7194B-758A-4FDA-B122-29FFAFE79E5A}.Release|ARM.Build.0 = Release|Any CPU
		{FCA7194B-758A-4FDA-B122-29FFAFE79E5A}.Release|x64.ActiveCfg = Release|Any CPU
		{FCA7194B-758A-4FDA-B122-29FFAFE79E5A}.Release|x64.Build.0 = Release|Any CPU
		{FCA7194B-758A-4FDA-B122-29FFAFE79E5A}.Release|x86.ActiveCfg = Release|Any CPU
		{FCA7194B-758A-4FDA-B122-29FFAFE79E5A}.Release|x86.Build.0 = Release|Any CPU
		{E19EF90D-DF42-4294-97B2-F7F6F48F9349}.Debug|Any CPU.ActiveCfg = Debug|Any CPU
		{E19EF90D-DF42-4294-97B2-F7F6F48F9349}.Debug|Any CPU.Build.0 = Debug|Any CPU
		{E19EF90D-DF42-4294-97B2-F7F6F48F9349}.Debug|ARM.ActiveCfg = Debug|Any CPU
		{E19EF90D-DF42-4294-97B2-F7F6F48F9349}.Debug|ARM.Build.0 = Debug|Any CPU
		{E19EF90D-DF42-4294-97B2-F7F6F48F9349}.Debug|x64.ActiveCfg = Debug|Any CPU
		{E19EF90D-DF42-4294-97B2-F7F6F48F9349}.Debug|x64.Build.0 = Debug|Any CPU
		{E19EF90D-DF42-4294-97B2-F7F6F48F9349}.Debug|x86.ActiveCfg = Debug|Any CPU
		{E19EF90D-DF42-4294-97B2-F7F6F48F9349}.Debug|x86.Build.0 = Debug|Any CPU
		{E19EF90D-DF42-4294-97B2-F7F6F48F9349}.Release|Any CPU.ActiveCfg = Release|Any CPU
		{E19EF90D-DF42-4294-97B2-F7F6F48F9349}.Release|Any CPU.Build.0 = Release|Any CPU
		{E19EF90D-DF42-4294-97B2-F7F6F48F9349}.Release|ARM.ActiveCfg = Release|Any CPU
		{E19EF90D-DF42-4294-97B2-F7F6F48F9349}.Release|ARM.Build.0 = Release|Any CPU
		{E19EF90D-DF42-4294-97B2-F7F6F48F9349}.Release|x64.ActiveCfg = Release|Any CPU
		{E19EF90D-DF42-4294-97B2-F7F6F48F9349}.Release|x64.Build.0 = Release|Any CPU
		{E19EF90D-DF42-4294-97B2-F7F6F48F9349}.Release|x86.ActiveCfg = Release|Any CPU
		{E19EF90D-DF42-4294-97B2-F7F6F48F9349}.Release|x86.Build.0 = Release|Any CPU
		{783B8A49-400D-4B6C-A44E-8E6FE3D53DF4}.Debug|Any CPU.ActiveCfg = Debug|Any CPU
		{783B8A49-400D-4B6C-A44E-8E6FE3D53DF4}.Debug|Any CPU.Build.0 = Debug|Any CPU
		{783B8A49-400D-4B6C-A44E-8E6FE3D53DF4}.Debug|ARM.ActiveCfg = Debug|Any CPU
		{783B8A49-400D-4B6C-A44E-8E6FE3D53DF4}.Debug|ARM.Build.0 = Debug|Any CPU
		{783B8A49-400D-4B6C-A44E-8E6FE3D53DF4}.Debug|x64.ActiveCfg = Debug|Any CPU
		{783B8A49-400D-4B6C-A44E-8E6FE3D53DF4}.Debug|x64.Build.0 = Debug|Any CPU
		{783B8A49-400D-4B6C-A44E-8E6FE3D53DF4}.Debug|x86.ActiveCfg = Debug|Any CPU
		{783B8A49-400D-4B6C-A44E-8E6FE3D53DF4}.Debug|x86.Build.0 = Debug|Any CPU
		{783B8A49-400D-4B6C-A44E-8E6FE3D53DF4}.Release|Any CPU.ActiveCfg = Release|Any CPU
		{783B8A49-400D-4B6C-A44E-8E6FE3D53DF4}.Release|Any CPU.Build.0 = Release|Any CPU
		{783B8A49-400D-4B6C-A44E-8E6FE3D53DF4}.Release|ARM.ActiveCfg = Release|Any CPU
		{783B8A49-400D-4B6C-A44E-8E6FE3D53DF4}.Release|ARM.Build.0 = Release|Any CPU
		{783B8A49-400D-4B6C-A44E-8E6FE3D53DF4}.Release|x64.ActiveCfg = Release|Any CPU
		{783B8A49-400D-4B6C-A44E-8E6FE3D53DF4}.Release|x64.Build.0 = Release|Any CPU
		{783B8A49-400D-4B6C-A44E-8E6FE3D53DF4}.Release|x86.ActiveCfg = Release|Any CPU
		{783B8A49-400D-4B6C-A44E-8E6FE3D53DF4}.Release|x86.Build.0 = Release|Any CPU
		{E1C0BA34-147F-4BE3-A0A2-358675961FE4}.Debug|Any CPU.ActiveCfg = Debug|Any CPU
		{E1C0BA34-147F-4BE3-A0A2-358675961FE4}.Debug|Any CPU.Build.0 = Debug|Any CPU
		{E1C0BA34-147F-4BE3-A0A2-358675961FE4}.Debug|ARM.ActiveCfg = Debug|Any CPU
		{E1C0BA34-147F-4BE3-A0A2-358675961FE4}.Debug|ARM.Build.0 = Debug|Any CPU
		{E1C0BA34-147F-4BE3-A0A2-358675961FE4}.Debug|x64.ActiveCfg = Debug|Any CPU
		{E1C0BA34-147F-4BE3-A0A2-358675961FE4}.Debug|x64.Build.0 = Debug|Any CPU
		{E1C0BA34-147F-4BE3-A0A2-358675961FE4}.Debug|x86.ActiveCfg = Debug|Any CPU
		{E1C0BA34-147F-4BE3-A0A2-358675961FE4}.Debug|x86.Build.0 = Debug|Any CPU
		{E1C0BA34-147F-4BE3-A0A2-358675961FE4}.Release|Any CPU.ActiveCfg = Release|Any CPU
		{E1C0BA34-147F-4BE3-A0A2-358675961FE4}.Release|Any CPU.Build.0 = Release|Any CPU
		{E1C0BA34-147F-4BE3-A0A2-358675961FE4}.Release|ARM.ActiveCfg = Release|Any CPU
		{E1C0BA34-147F-4BE3-A0A2-358675961FE4}.Release|ARM.Build.0 = Release|Any CPU
		{E1C0BA34-147F-4BE3-A0A2-358675961FE4}.Release|x64.ActiveCfg = Release|Any CPU
		{E1C0BA34-147F-4BE3-A0A2-358675961FE4}.Release|x64.Build.0 = Release|Any CPU
		{E1C0BA34-147F-4BE3-A0A2-358675961FE4}.Release|x86.ActiveCfg = Release|Any CPU
		{E1C0BA34-147F-4BE3-A0A2-358675961FE4}.Release|x86.Build.0 = Release|Any CPU
		{1F3FB74B-200C-4CBC-BC51-BB3D03E280F1}.Debug|Any CPU.ActiveCfg = Debug|Any CPU
		{1F3FB74B-200C-4CBC-BC51-BB3D03E280F1}.Debug|Any CPU.Build.0 = Debug|Any CPU
		{1F3FB74B-200C-4CBC-BC51-BB3D03E280F1}.Debug|ARM.ActiveCfg = Debug|Any CPU
		{1F3FB74B-200C-4CBC-BC51-BB3D03E280F1}.Debug|ARM.Build.0 = Debug|Any CPU
		{1F3FB74B-200C-4CBC-BC51-BB3D03E280F1}.Debug|x64.ActiveCfg = Debug|Any CPU
		{1F3FB74B-200C-4CBC-BC51-BB3D03E280F1}.Debug|x64.Build.0 = Debug|Any CPU
		{1F3FB74B-200C-4CBC-BC51-BB3D03E280F1}.Debug|x86.ActiveCfg = Debug|Any CPU
		{1F3FB74B-200C-4CBC-BC51-BB3D03E280F1}.Debug|x86.Build.0 = Debug|Any CPU
		{1F3FB74B-200C-4CBC-BC51-BB3D03E280F1}.Release|Any CPU.ActiveCfg = Release|Any CPU
		{1F3FB74B-200C-4CBC-BC51-BB3D03E280F1}.Release|Any CPU.Build.0 = Release|Any CPU
		{1F3FB74B-200C-4CBC-BC51-BB3D03E280F1}.Release|ARM.ActiveCfg = Release|Any CPU
		{1F3FB74B-200C-4CBC-BC51-BB3D03E280F1}.Release|ARM.Build.0 = Release|Any CPU
		{1F3FB74B-200C-4CBC-BC51-BB3D03E280F1}.Release|x64.ActiveCfg = Release|Any CPU
		{1F3FB74B-200C-4CBC-BC51-BB3D03E280F1}.Release|x64.Build.0 = Release|Any CPU
		{1F3FB74B-200C-4CBC-BC51-BB3D03E280F1}.Release|x86.ActiveCfg = Release|Any CPU
		{1F3FB74B-200C-4CBC-BC51-BB3D03E280F1}.Release|x86.Build.0 = Release|Any CPU
		{A7CF68A9-48D1-4064-A365-AE7A08B41B1B}.Debug|Any CPU.ActiveCfg = Debug|Any CPU
		{A7CF68A9-48D1-4064-A365-AE7A08B41B1B}.Debug|Any CPU.Build.0 = Debug|Any CPU
		{A7CF68A9-48D1-4064-A365-AE7A08B41B1B}.Debug|ARM.ActiveCfg = Debug|Any CPU
		{A7CF68A9-48D1-4064-A365-AE7A08B41B1B}.Debug|ARM.Build.0 = Debug|Any CPU
		{A7CF68A9-48D1-4064-A365-AE7A08B41B1B}.Debug|x64.ActiveCfg = Debug|Any CPU
		{A7CF68A9-48D1-4064-A365-AE7A08B41B1B}.Debug|x64.Build.0 = Debug|Any CPU
		{A7CF68A9-48D1-4064-A365-AE7A08B41B1B}.Debug|x86.ActiveCfg = Debug|Any CPU
		{A7CF68A9-48D1-4064-A365-AE7A08B41B1B}.Debug|x86.Build.0 = Debug|Any CPU
		{A7CF68A9-48D1-4064-A365-AE7A08B41B1B}.Release|Any CPU.ActiveCfg = Release|Any CPU
		{A7CF68A9-48D1-4064-A365-AE7A08B41B1B}.Release|Any CPU.Build.0 = Release|Any CPU
		{A7CF68A9-48D1-4064-A365-AE7A08B41B1B}.Release|ARM.ActiveCfg = Release|Any CPU
		{A7CF68A9-48D1-4064-A365-AE7A08B41B1B}.Release|ARM.Build.0 = Release|Any CPU
		{A7CF68A9-48D1-4064-A365-AE7A08B41B1B}.Release|x64.ActiveCfg = Release|Any CPU
		{A7CF68A9-48D1-4064-A365-AE7A08B41B1B}.Release|x64.Build.0 = Release|Any CPU
		{A7CF68A9-48D1-4064-A365-AE7A08B41B1B}.Release|x86.ActiveCfg = Release|Any CPU
		{A7CF68A9-48D1-4064-A365-AE7A08B41B1B}.Release|x86.Build.0 = Release|Any CPU
		{DFBEB499-A27B-4481-99B6-2A9C292AB2F4}.Debug|Any CPU.ActiveCfg = Debug|Any CPU
		{DFBEB499-A27B-4481-99B6-2A9C292AB2F4}.Debug|Any CPU.Build.0 = Debug|Any CPU
		{DFBEB499-A27B-4481-99B6-2A9C292AB2F4}.Debug|ARM.ActiveCfg = Debug|Any CPU
		{DFBEB499-A27B-4481-99B6-2A9C292AB2F4}.Debug|ARM.Build.0 = Debug|Any CPU
		{DFBEB499-A27B-4481-99B6-2A9C292AB2F4}.Debug|x64.ActiveCfg = Debug|Any CPU
		{DFBEB499-A27B-4481-99B6-2A9C292AB2F4}.Debug|x64.Build.0 = Debug|Any CPU
		{DFBEB499-A27B-4481-99B6-2A9C292AB2F4}.Debug|x86.ActiveCfg = Debug|Any CPU
		{DFBEB499-A27B-4481-99B6-2A9C292AB2F4}.Debug|x86.Build.0 = Debug|Any CPU
		{DFBEB499-A27B-4481-99B6-2A9C292AB2F4}.Release|Any CPU.ActiveCfg = Release|Any CPU
		{DFBEB499-A27B-4481-99B6-2A9C292AB2F4}.Release|Any CPU.Build.0 = Release|Any CPU
		{DFBEB499-A27B-4481-99B6-2A9C292AB2F4}.Release|ARM.ActiveCfg = Release|Any CPU
		{DFBEB499-A27B-4481-99B6-2A9C292AB2F4}.Release|ARM.Build.0 = Release|Any CPU
		{DFBEB499-A27B-4481-99B6-2A9C292AB2F4}.Release|x64.ActiveCfg = Release|Any CPU
		{DFBEB499-A27B-4481-99B6-2A9C292AB2F4}.Release|x64.Build.0 = Release|Any CPU
		{DFBEB499-A27B-4481-99B6-2A9C292AB2F4}.Release|x86.ActiveCfg = Release|Any CPU
		{DFBEB499-A27B-4481-99B6-2A9C292AB2F4}.Release|x86.Build.0 = Release|Any CPU
		{600FCE00-2317-47ED-A98D-743C66B3D0AD}.Debug|Any CPU.ActiveCfg = Debug|Any CPU
		{600FCE00-2317-47ED-A98D-743C66B3D0AD}.Debug|Any CPU.Build.0 = Debug|Any CPU
		{600FCE00-2317-47ED-A98D-743C66B3D0AD}.Debug|ARM.ActiveCfg = Debug|Any CPU
		{600FCE00-2317-47ED-A98D-743C66B3D0AD}.Debug|ARM.Build.0 = Debug|Any CPU
		{600FCE00-2317-47ED-A98D-743C66B3D0AD}.Debug|x64.ActiveCfg = Debug|Any CPU
		{600FCE00-2317-47ED-A98D-743C66B3D0AD}.Debug|x64.Build.0 = Debug|Any CPU
		{600FCE00-2317-47ED-A98D-743C66B3D0AD}.Debug|x86.ActiveCfg = Debug|Any CPU
		{600FCE00-2317-47ED-A98D-743C66B3D0AD}.Debug|x86.Build.0 = Debug|Any CPU
		{600FCE00-2317-47ED-A98D-743C66B3D0AD}.Release|Any CPU.ActiveCfg = Release|Any CPU
		{600FCE00-2317-47ED-A98D-743C66B3D0AD}.Release|Any CPU.Build.0 = Release|Any CPU
		{600FCE00-2317-47ED-A98D-743C66B3D0AD}.Release|ARM.ActiveCfg = Release|Any CPU
		{600FCE00-2317-47ED-A98D-743C66B3D0AD}.Release|ARM.Build.0 = Release|Any CPU
		{600FCE00-2317-47ED-A98D-743C66B3D0AD}.Release|x64.ActiveCfg = Release|Any CPU
		{600FCE00-2317-47ED-A98D-743C66B3D0AD}.Release|x64.Build.0 = Release|Any CPU
		{600FCE00-2317-47ED-A98D-743C66B3D0AD}.Release|x86.ActiveCfg = Release|Any CPU
		{600FCE00-2317-47ED-A98D-743C66B3D0AD}.Release|x86.Build.0 = Release|Any CPU
		{505AED27-A9B4-458B-8391-40A275F70BDF}.Debug|Any CPU.ActiveCfg = Debug|Any CPU
		{505AED27-A9B4-458B-8391-40A275F70BDF}.Debug|Any CPU.Build.0 = Debug|Any CPU
		{505AED27-A9B4-458B-8391-40A275F70BDF}.Debug|ARM.ActiveCfg = Debug|Any CPU
		{505AED27-A9B4-458B-8391-40A275F70BDF}.Debug|ARM.Build.0 = Debug|Any CPU
		{505AED27-A9B4-458B-8391-40A275F70BDF}.Debug|x64.ActiveCfg = Debug|Any CPU
		{505AED27-A9B4-458B-8391-40A275F70BDF}.Debug|x64.Build.0 = Debug|Any CPU
		{505AED27-A9B4-458B-8391-40A275F70BDF}.Debug|x86.ActiveCfg = Debug|Any CPU
		{505AED27-A9B4-458B-8391-40A275F70BDF}.Debug|x86.Build.0 = Debug|Any CPU
		{505AED27-A9B4-458B-8391-40A275F70BDF}.Release|Any CPU.ActiveCfg = Release|Any CPU
		{505AED27-A9B4-458B-8391-40A275F70BDF}.Release|Any CPU.Build.0 = Release|Any CPU
		{505AED27-A9B4-458B-8391-40A275F70BDF}.Release|ARM.ActiveCfg = Release|Any CPU
		{505AED27-A9B4-458B-8391-40A275F70BDF}.Release|ARM.Build.0 = Release|Any CPU
		{505AED27-A9B4-458B-8391-40A275F70BDF}.Release|x64.ActiveCfg = Release|Any CPU
		{505AED27-A9B4-458B-8391-40A275F70BDF}.Release|x64.Build.0 = Release|Any CPU
		{505AED27-A9B4-458B-8391-40A275F70BDF}.Release|x86.ActiveCfg = Release|Any CPU
		{505AED27-A9B4-458B-8391-40A275F70BDF}.Release|x86.Build.0 = Release|Any CPU
		{CCCE0F79-F26D-4A9A-BF52-BB4C3093A072}.Debug|Any CPU.ActiveCfg = Debug|Any CPU
		{CCCE0F79-F26D-4A9A-BF52-BB4C3093A072}.Debug|Any CPU.Build.0 = Debug|Any CPU
		{CCCE0F79-F26D-4A9A-BF52-BB4C3093A072}.Debug|ARM.ActiveCfg = Debug|Any CPU
		{CCCE0F79-F26D-4A9A-BF52-BB4C3093A072}.Debug|ARM.Build.0 = Debug|Any CPU
		{CCCE0F79-F26D-4A9A-BF52-BB4C3093A072}.Debug|x64.ActiveCfg = Debug|Any CPU
		{CCCE0F79-F26D-4A9A-BF52-BB4C3093A072}.Debug|x64.Build.0 = Debug|Any CPU
		{CCCE0F79-F26D-4A9A-BF52-BB4C3093A072}.Debug|x86.ActiveCfg = Debug|Any CPU
		{CCCE0F79-F26D-4A9A-BF52-BB4C3093A072}.Debug|x86.Build.0 = Debug|Any CPU
		{CCCE0F79-F26D-4A9A-BF52-BB4C3093A072}.Release|Any CPU.ActiveCfg = Release|Any CPU
		{CCCE0F79-F26D-4A9A-BF52-BB4C3093A072}.Release|Any CPU.Build.0 = Release|Any CPU
		{CCCE0F79-F26D-4A9A-BF52-BB4C3093A072}.Release|ARM.ActiveCfg = Release|Any CPU
		{CCCE0F79-F26D-4A9A-BF52-BB4C3093A072}.Release|ARM.Build.0 = Release|Any CPU
		{CCCE0F79-F26D-4A9A-BF52-BB4C3093A072}.Release|x64.ActiveCfg = Release|Any CPU
		{CCCE0F79-F26D-4A9A-BF52-BB4C3093A072}.Release|x64.Build.0 = Release|Any CPU
		{CCCE0F79-F26D-4A9A-BF52-BB4C3093A072}.Release|x86.ActiveCfg = Release|Any CPU
		{CCCE0F79-F26D-4A9A-BF52-BB4C3093A072}.Release|x86.Build.0 = Release|Any CPU
		{54385EC5-BFD3-4877-A5DD-595B2D3D4F94}.Debug|Any CPU.ActiveCfg = Debug|Any CPU
		{54385EC5-BFD3-4877-A5DD-595B2D3D4F94}.Debug|Any CPU.Build.0 = Debug|Any CPU
		{54385EC5-BFD3-4877-A5DD-595B2D3D4F94}.Debug|ARM.ActiveCfg = Debug|Any CPU
		{54385EC5-BFD3-4877-A5DD-595B2D3D4F94}.Debug|ARM.Build.0 = Debug|Any CPU
		{54385EC5-BFD3-4877-A5DD-595B2D3D4F94}.Debug|x64.ActiveCfg = Debug|Any CPU
		{54385EC5-BFD3-4877-A5DD-595B2D3D4F94}.Debug|x64.Build.0 = Debug|Any CPU
		{54385EC5-BFD3-4877-A5DD-595B2D3D4F94}.Debug|x86.ActiveCfg = Debug|Any CPU
		{54385EC5-BFD3-4877-A5DD-595B2D3D4F94}.Debug|x86.Build.0 = Debug|Any CPU
		{54385EC5-BFD3-4877-A5DD-595B2D3D4F94}.Release|Any CPU.ActiveCfg = Release|Any CPU
		{54385EC5-BFD3-4877-A5DD-595B2D3D4F94}.Release|Any CPU.Build.0 = Release|Any CPU
		{54385EC5-BFD3-4877-A5DD-595B2D3D4F94}.Release|ARM.ActiveCfg = Release|Any CPU
		{54385EC5-BFD3-4877-A5DD-595B2D3D4F94}.Release|ARM.Build.0 = Release|Any CPU
		{54385EC5-BFD3-4877-A5DD-595B2D3D4F94}.Release|x64.ActiveCfg = Release|Any CPU
		{54385EC5-BFD3-4877-A5DD-595B2D3D4F94}.Release|x64.Build.0 = Release|Any CPU
		{54385EC5-BFD3-4877-A5DD-595B2D3D4F94}.Release|x86.ActiveCfg = Release|Any CPU
		{54385EC5-BFD3-4877-A5DD-595B2D3D4F94}.Release|x86.Build.0 = Release|Any CPU
		{CF15D679-988A-4E3B-9175-55BA867C0B82}.Debug|Any CPU.ActiveCfg = Debug|Any CPU
		{CF15D679-988A-4E3B-9175-55BA867C0B82}.Debug|Any CPU.Build.0 = Debug|Any CPU
		{CF15D679-988A-4E3B-9175-55BA867C0B82}.Debug|ARM.ActiveCfg = Debug|Any CPU
		{CF15D679-988A-4E3B-9175-55BA867C0B82}.Debug|ARM.Build.0 = Debug|Any CPU
		{CF15D679-988A-4E3B-9175-55BA867C0B82}.Debug|x64.ActiveCfg = Debug|Any CPU
		{CF15D679-988A-4E3B-9175-55BA867C0B82}.Debug|x64.Build.0 = Debug|Any CPU
		{CF15D679-988A-4E3B-9175-55BA867C0B82}.Debug|x86.ActiveCfg = Debug|Any CPU
		{CF15D679-988A-4E3B-9175-55BA867C0B82}.Debug|x86.Build.0 = Debug|Any CPU
		{CF15D679-988A-4E3B-9175-55BA867C0B82}.Release|Any CPU.ActiveCfg = Release|Any CPU
		{CF15D679-988A-4E3B-9175-55BA867C0B82}.Release|Any CPU.Build.0 = Release|Any CPU
		{CF15D679-988A-4E3B-9175-55BA867C0B82}.Release|ARM.ActiveCfg = Release|Any CPU
		{CF15D679-988A-4E3B-9175-55BA867C0B82}.Release|ARM.Build.0 = Release|Any CPU
		{CF15D679-988A-4E3B-9175-55BA867C0B82}.Release|x64.ActiveCfg = Release|Any CPU
		{CF15D679-988A-4E3B-9175-55BA867C0B82}.Release|x64.Build.0 = Release|Any CPU
		{CF15D679-988A-4E3B-9175-55BA867C0B82}.Release|x86.ActiveCfg = Release|Any CPU
		{CF15D679-988A-4E3B-9175-55BA867C0B82}.Release|x86.Build.0 = Release|Any CPU
		{1C07D456-FE76-45F3-9648-A868CBA0C365}.Debug|Any CPU.ActiveCfg = Debug|Any CPU
		{1C07D456-FE76-45F3-9648-A868CBA0C365}.Debug|Any CPU.Build.0 = Debug|Any CPU
		{1C07D456-FE76-45F3-9648-A868CBA0C365}.Debug|ARM.ActiveCfg = Debug|Any CPU
		{1C07D456-FE76-45F3-9648-A868CBA0C365}.Debug|ARM.Build.0 = Debug|Any CPU
		{1C07D456-FE76-45F3-9648-A868CBA0C365}.Debug|x64.ActiveCfg = Debug|Any CPU
		{1C07D456-FE76-45F3-9648-A868CBA0C365}.Debug|x64.Build.0 = Debug|Any CPU
		{1C07D456-FE76-45F3-9648-A868CBA0C365}.Debug|x86.ActiveCfg = Debug|Any CPU
		{1C07D456-FE76-45F3-9648-A868CBA0C365}.Debug|x86.Build.0 = Debug|Any CPU
		{1C07D456-FE76-45F3-9648-A868CBA0C365}.Release|Any CPU.ActiveCfg = Release|Any CPU
		{1C07D456-FE76-45F3-9648-A868CBA0C365}.Release|Any CPU.Build.0 = Release|Any CPU
		{1C07D456-FE76-45F3-9648-A868CBA0C365}.Release|ARM.ActiveCfg = Release|Any CPU
		{1C07D456-FE76-45F3-9648-A868CBA0C365}.Release|ARM.Build.0 = Release|Any CPU
		{1C07D456-FE76-45F3-9648-A868CBA0C365}.Release|x64.ActiveCfg = Release|Any CPU
		{1C07D456-FE76-45F3-9648-A868CBA0C365}.Release|x64.Build.0 = Release|Any CPU
		{1C07D456-FE76-45F3-9648-A868CBA0C365}.Release|x86.ActiveCfg = Release|Any CPU
		{1C07D456-FE76-45F3-9648-A868CBA0C365}.Release|x86.Build.0 = Release|Any CPU
		{1FBF31A8-3E84-4075-884C-7955FDC6E9B7}.Debug|Any CPU.ActiveCfg = Debug|Any CPU
		{1FBF31A8-3E84-4075-884C-7955FDC6E9B7}.Debug|Any CPU.Build.0 = Debug|Any CPU
		{1FBF31A8-3E84-4075-884C-7955FDC6E9B7}.Debug|ARM.ActiveCfg = Debug|Any CPU
		{1FBF31A8-3E84-4075-884C-7955FDC6E9B7}.Debug|ARM.Build.0 = Debug|Any CPU
		{1FBF31A8-3E84-4075-884C-7955FDC6E9B7}.Debug|x64.ActiveCfg = Debug|Any CPU
		{1FBF31A8-3E84-4075-884C-7955FDC6E9B7}.Debug|x64.Build.0 = Debug|Any CPU
		{1FBF31A8-3E84-4075-884C-7955FDC6E9B7}.Debug|x86.ActiveCfg = Debug|Any CPU
		{1FBF31A8-3E84-4075-884C-7955FDC6E9B7}.Debug|x86.Build.0 = Debug|Any CPU
		{1FBF31A8-3E84-4075-884C-7955FDC6E9B7}.Release|Any CPU.ActiveCfg = Release|Any CPU
		{1FBF31A8-3E84-4075-884C-7955FDC6E9B7}.Release|Any CPU.Build.0 = Release|Any CPU
		{1FBF31A8-3E84-4075-884C-7955FDC6E9B7}.Release|ARM.ActiveCfg = Release|Any CPU
		{1FBF31A8-3E84-4075-884C-7955FDC6E9B7}.Release|ARM.Build.0 = Release|Any CPU
		{1FBF31A8-3E84-4075-884C-7955FDC6E9B7}.Release|x64.ActiveCfg = Release|Any CPU
		{1FBF31A8-3E84-4075-884C-7955FDC6E9B7}.Release|x64.Build.0 = Release|Any CPU
		{1FBF31A8-3E84-4075-884C-7955FDC6E9B7}.Release|x86.ActiveCfg = Release|Any CPU
		{1FBF31A8-3E84-4075-884C-7955FDC6E9B7}.Release|x86.Build.0 = Release|Any CPU
	EndGlobalSection
	GlobalSection(SolutionProperties) = preSolution
		HideSolutionNode = FALSE
	EndGlobalSection
	GlobalSection(NestedProjects) = preSolution
		{9FEE59C4-208C-47B9-ADC9-28368AC38C83} = {11E8CFB8-0DE9-45D6-88AD-68C05F648EE2}
		{49093610-2FF0-46EC-9B9E-0D9320B1A6DD} = {11E8CFB8-0DE9-45D6-88AD-68C05F648EE2}
		{30908532-2F3A-404A-9EBC-B66CBAB9D48D} = {11E8CFB8-0DE9-45D6-88AD-68C05F648EE2}
		{D69FC0F6-A4F9-4691-A668-67108D7F29DF} = {54CF1853-E4C8-4691-889D-48D73890DD18}
		{F90999B0-1C84-4D29-99D2-D8BE17034981} = {11E8CFB8-0DE9-45D6-88AD-68C05F648EE2}
		{9500766D-0D33-4BEF-BCA2-E54176705869} = {4953A7C7-6697-4678-9A22-B6CC859DB6FC}
		{6E7229B3-E226-44AC-9191-033FEEA336DC} = {4953A7C7-6697-4678-9A22-B6CC859DB6FC}
		{7C779F1D-E9E0-4EAF-814A-315D1EF23708} = {4953A7C7-6697-4678-9A22-B6CC859DB6FC}
		{1B49FEC9-AC97-433D-816C-12BD85E906B7} = {4953A7C7-6697-4678-9A22-B6CC859DB6FC}
		{69A98329-0828-4A45-BB62-FD7B6EE344E5} = {4953A7C7-6697-4678-9A22-B6CC859DB6FC}
		{FCA7194B-758A-4FDA-B122-29FFAFE79E5A} = {9500766D-0D33-4BEF-BCA2-E54176705869}
		{E19EF90D-DF42-4294-97B2-F7F6F48F9349} = {6E7229B3-E226-44AC-9191-033FEEA336DC}
		{783B8A49-400D-4B6C-A44E-8E6FE3D53DF4} = {69A98329-0828-4A45-BB62-FD7B6EE344E5}
		{E1C0BA34-147F-4BE3-A0A2-358675961FE4} = {11E8CFB8-0DE9-45D6-88AD-68C05F648EE2}
		{1F3FB74B-200C-4CBC-BC51-BB3D03E280F1} = {6E7229B3-E226-44AC-9191-033FEEA336DC}
		{A7CF68A9-48D1-4064-A365-AE7A08B41B1B} = {7C779F1D-E9E0-4EAF-814A-315D1EF23708}
		{DFBEB499-A27B-4481-99B6-2A9C292AB2F4} = {7C779F1D-E9E0-4EAF-814A-315D1EF23708}
		{600FCE00-2317-47ED-A98D-743C66B3D0AD} = {9500766D-0D33-4BEF-BCA2-E54176705869}
		{505AED27-A9B4-458B-8391-40A275F70BDF} = {69A98329-0828-4A45-BB62-FD7B6EE344E5}
		{CCCE0F79-F26D-4A9A-BF52-BB4C3093A072} = {1B49FEC9-AC97-433D-816C-12BD85E906B7}
		{54385EC5-BFD3-4877-A5DD-595B2D3D4F94} = {1B49FEC9-AC97-433D-816C-12BD85E906B7}
		{245BDC54-6E31-4910-8DA8-2DF4723D41A4} = {4953A7C7-6697-4678-9A22-B6CC859DB6FC}
		{CF15D679-988A-4E3B-9175-55BA867C0B82} = {245BDC54-6E31-4910-8DA8-2DF4723D41A4}
		{1C07D456-FE76-45F3-9648-A868CBA0C365} = {245BDC54-6E31-4910-8DA8-2DF4723D41A4}
		{1FBF31A8-3E84-4075-884C-7955FDC6E9B7} = {11E8CFB8-0DE9-45D6-88AD-68C05F648EE2}
	EndGlobalSection
	GlobalSection(TeamFoundationVersionControl) = preSolution
		SccNumberOfProjects = 20
		SccEnterpriseProvider = {4CA58AB2-18FA-4F8D-95D4-32DDF27D184C}
		SccTeamFoundationServer = http://192.168.1.4:8001/tfs/defaultcollection
		SccLocalPath0 = .
		SccProjectUniqueName1 = IRIT.FrameWork.Resources\\IRIT.Framework.Resources.csproj
		SccProjectTopLevelParentUniqueName1 = IRIT.EdMS.sln
		SccProjectName1 = IRIT.FrameWork.Resources
		SccLocalPath1 = IRIT.FrameWork.Resources
		SccProjectUniqueName2 = IRIT.EdMS.Common.Model\\IRIT.EdMS.Common.Model.csproj
		SccProjectTopLevelParentUniqueName2 = IRIT.EdMS.sln
		SccProjectName2 = IRIT.EdMS.Common.Model
		SccLocalPath2 = IRIT.EdMS.Common.Model
		SccProjectUniqueName3 = IRIT.EdMS.HumanResources.Model\\IRIT.EdMS.HumanResources.Model.csproj
		SccProjectTopLevelParentUniqueName3 = IRIT.EdMS.sln
		SccProjectName3 = IRIT.EdMS.HumanResources.Model
		SccLocalPath3 = IRIT.EdMS.HumanResources.Model
		SccProjectUniqueName4 = IRIT.EdMS.Security.Model\\IRIT.EdMS.Security.Model.csproj
		SccProjectTopLevelParentUniqueName4 = IRIT.EdMS.sln
		SccProjectName4 = IRIT.EdMS.Security.Model
		SccLocalPath4 = IRIT.EdMS.Security.Model
		SccProjectUniqueName5 = IRIT.EdMS.Workflow.Model\\IRIT.EdMS.Workflow.Model.csproj
		SccProjectTopLevelParentUniqueName5 = IRIT.EdMS.sln
		SccProjectName5 = IRIT.EdMS.Workflow.Model
		SccLocalPath5 = IRIT.EdMS.Workflow.Model
		SccProjectUniqueName6 = IRIT.FrameWork.DataAccess\\IRIT.Framework.DataAccess.csproj
		SccProjectTopLevelParentUniqueName6 = IRIT.EdMS.sln
		SccProjectName6 = IRIT.FrameWork.DataAccess
		SccLocalPath6 = IRIT.FrameWork.DataAccess
		SccProjectUniqueName7 = IRIT.EdMS.License.Model\\IRIT.EdMS.License.Model.csproj
		SccProjectTopLevelParentUniqueName7 = IRIT.EdMS.sln
		SccProjectName7 = IRIT.EdMS.License.Model
		SccLocalPath7 = IRIT.EdMS.License.Model
		SccProjectUniqueName8 = IRIT.FrameWork.Helper\\IRIT.Framework.Helper.csproj
		SccProjectTopLevelParentUniqueName8 = IRIT.EdMS.sln
		SccProjectName8 = IRIT.FrameWork.Helper
		SccLocalPath8 = IRIT.FrameWork.Helper
		SccProjectUniqueName9 = IRIT.FrameWork.Utility\\IRIT.Framework.Utility.csproj
		SccProjectTopLevelParentUniqueName9 = IRIT.EdMS.sln
		SccProjectName9 = IRIT.FrameWork.Utility
		SccLocalPath9 = IRIT.FrameWork.Utility
		SccProjectUniqueName10 = IRIT.Edms.WebUI\\IRIT.EdMS.WebUI.csproj
		SccProjectTopLevelParentUniqueName10 = IRIT.EdMS.sln
		SccProjectName10 = IRIT.Edms.WebUI
		SccLocalPath10 = IRIT.Edms.WebUI
		SccProjectUniqueName11 = IRIT.Framework.Common\\IRIT.Framework.Common.csproj
		SccProjectTopLevelParentUniqueName11 = IRIT.EdMS.sln
		SccProjectName11 = IRIT.Framework.Common
		SccLocalPath11 = IRIT.Framework.Common
		SccProjectUniqueName12 = IRIT.EdMS.Security.Business\\IRIT.EdMS.Security.Business.csproj
		SccProjectTopLevelParentUniqueName12 = IRIT.EdMS.sln
		SccProjectName12 = IRIT.EdMS.Security.Business
		SccLocalPath12 = IRIT.EdMS.Security.Business
		SccProjectUniqueName13 = IRIT.EdMS.Common.Business\\IRIT.EdMS.Common.Business.csproj
		SccProjectTopLevelParentUniqueName13 = IRIT.EdMS.sln
		SccProjectName13 = IRIT.EdMS.Common.Business
		SccLocalPath13 = IRIT.EdMS.Common.Business
		SccProjectUniqueName14 = IRIT.EdMS.HumanResources.Business\\IRIT.EdMS.HumanResources.Business.csproj
		SccProjectTopLevelParentUniqueName14 = IRIT.EdMS.sln
		SccProjectName14 = IRIT.EdMS.HumanResources.Business
		SccLocalPath14 = IRIT.EdMS.HumanResources.Business
		SccProjectUniqueName15 = IRIT.EdMS.Workflow.Business\\IRIT.EdMS.Workflow.Business.csproj
		SccProjectTopLevelParentUniqueName15 = IRIT.EdMS.sln
		SccProjectName15 = IRIT.EdMS.Workflow.Business
		SccLocalPath15 = IRIT.EdMS.Workflow.Business
		SccProjectUniqueName16 = IRIT.EdMS.Calendar.Business\\IRIT.EdMS.Calendar.Business.csproj
		SccProjectTopLevelParentUniqueName16 = IRIT.EdMS.sln
		SccProjectName16 = IRIT.EdMS.Calendar.Business
		SccLocalPath16 = IRIT.EdMS.Calendar.Business
		SccProjectUniqueName17 = IRIT.EdMS.Calendar.Model\\IRIT.EdMS.Calendar.Model.csproj
		SccProjectTopLevelParentUniqueName17 = IRIT.EdMS.sln
		SccProjectName17 = IRIT.EdMS.Calendar.Model
		SccLocalPath17 = IRIT.EdMS.Calendar.Model
		SccProjectUniqueName18 = IRIT.EdMS.License.Business\\IRIT.EdMS.License.Business.csproj
		SccProjectTopLevelParentUniqueName18 = IRIT.EdMS.sln
		SccProjectName18 = IRIT.EdMS.License.Business
		SccLocalPath18 = IRIT.EdMS.License.Business
		SccProjectUniqueName19 = IRIT.Framework.DataModel\\IRIT.Framework.DataModel.csproj
		SccProjectTopLevelParentUniqueName19 = IRIT.EdMS.sln
		SccProjectName19 = IRIT.Framework.DataModel
		SccLocalPath19 = IRIT.Framework.DataModel
	EndGlobalSection
	GlobalSection(TeamFoundationVersionControl) = preSolution
		SccNumberOfProjects = 16
		SccEnterpriseProvider = {4CA58AB2-18FA-4F8D-95D4-32DDF27D184C}
		SccTeamFoundationServer = http://192.168.1.4:8001/tfs/defaultcollection
		SccLocalPath0 = .
		SccProjectUniqueName1 = IRIT.FrameWork.DataModel\\IRIT.Framework.DataModel.csproj
		SccProjectTopLevelParentUniqueName1 = IRIT.EdMS.sln
		SccProjectName1 = IRIT.FrameWork.DataModel
		SccLocalPath1 = IRIT.FrameWork.DataModel
		SccProjectUniqueName2 = IRIT.FrameWork.Utility\\IRIT.Framework.Utility.csproj
		SccProjectTopLevelParentUniqueName2 = IRIT.EdMS.sln
		SccProjectName2 = IRIT.FrameWork.Utility
		SccLocalPath2 = IRIT.FrameWork.Utility
		SccProjectUniqueName3 = IRIT.FrameWork.Helper\\IRIT.Framework.Helper.csproj
		SccProjectTopLevelParentUniqueName3 = IRIT.EdMS.sln
		SccProjectName3 = IRIT.FrameWork.Helper
		SccLocalPath3 = IRIT.FrameWork.Helper
		SccProjectUniqueName4 = IRIT.FrameWork.Resources\\IRIT.Framework.Resources.csproj
		SccProjectTopLevelParentUniqueName4 = IRIT.EdMS.sln
		SccProjectName4 = IRIT.FrameWork.Resources
		SccLocalPath4 = IRIT.FrameWork.Resources
		SccProjectUniqueName5 = IRIT.Edms.WebUI\\IRIT.EdMS.WebUI.csproj
		SccProjectTopLevelParentUniqueName5 = IRIT.EdMS.sln
		SccProjectName5 = IRIT.Edms.WebUI
		SccLocalPath5 = IRIT.Edms.WebUI
		SccProjectUniqueName6 = IRIT.FrameWork.DataAccess\\IRIT.Framework.DataAccess.csproj
		SccProjectTopLevelParentUniqueName6 = IRIT.EdMS.sln
		SccProjectName6 = IRIT.FrameWork.DataAccess
		SccLocalPath6 = IRIT.FrameWork.DataAccess
		SccProjectUniqueName7 = IRIT.EdMS.Calendar\\IRIT.EdMS.Calendar.csproj
		SccProjectTopLevelParentUniqueName7 = IRIT.EdMS.sln
		SccProjectName7 = IRIT.EdMS.Calendar
		SccLocalPath7 = IRIT.EdMS.Calendar
		SccProjectUniqueName8 = IRIT.EdMS.Common.Model\\IRIT.EdMS.Common.Model.csproj
		SccProjectTopLevelParentUniqueName8 = IRIT.EdMS.sln
		SccProjectName8 = IRIT.EdMS.Common.Model
		SccLocalPath8 = IRIT.EdMS.Common.Model
		SccProjectUniqueName9 = IRIT.EdMS.Common\\IRIT.EdMS.Common.Business.csproj
		SccProjectTopLevelParentUniqueName9 = IRIT.EdMS.sln
		SccProjectName9 = IRIT.EdMS.Common
		SccLocalPath9 = IRIT.EdMS.Common
		SccProjectUniqueName10 = IRIT.EdMS.HumanResource.Model\\IRIT.EdMS.HumanResources.Model.csproj
		SccProjectTopLevelParentUniqueName10 = IRIT.EdMS.sln
		SccProjectName10 = IRIT.EdMS.HumanResource.Model
		SccLocalPath10 = IRIT.EdMS.HumanResource.Model
		SccProjectUniqueName11 = IRIT.EdMS.HumanResource\\IRIT.EdMS.HumanResources.Business.csproj
		SccProjectTopLevelParentUniqueName11 = IRIT.EdMS.sln
		SccProjectName11 = IRIT.EdMS.HumanResource
		SccLocalPath11 = IRIT.EdMS.HumanResource
		SccProjectUniqueName12 = IRIT.EdMS.Security\\IRIT.EdMS.Security.Business.csproj
		SccProjectTopLevelParentUniqueName12 = IRIT.EdMS.sln
		SccProjectName12 = IRIT.EdMS.HumanResource.Model
		SccLocalPath12 = IRIT.EdMS.HumanResource.Model
		SccProjectUniqueName13 = IRIT.EdMS.HumanResource\\IRIT.EdMS.HumanResources.Business.csproj
		SccProjectTopLevelParentUniqueName13 = IRIT.EdMS.sln
		SccProjectName13 = IRIT.EdMS.HumanResource
		SccLocalPath13 = IRIT.EdMS.HumanResource
	EndGlobalSection
EndGlobal
